# This file is @generated by PDM.
# It is not intended for manual editing.

[metadata]
groups = ["default", "all", "dev"]
strategy = ["cross_platform"]
lock_version = "4.4.1"
content_hash = "sha256:2b4fba8ca6883f5a1de28a420870d566efa031d62f9057c59095a25a0e51d36e"

[[package]]
name = "aiocache"
version = "0.12.2"
summary = "multi backend asyncio cache"
files = [
    {file = "aiocache-0.12.2-py2.py3-none-any.whl", hash = "sha256:9b6fa30634ab0bfc3ecc44928a91ff07c6ea16d27d55469636b296ebc6eb5918"},
    {file = "aiocache-0.12.2.tar.gz", hash = "sha256:b41c9a145b050a5dcbae1599f847db6dd445193b1f3bd172d8e0fe0cb9e96684"},
]

[[package]]
name = "aiocache"
version = "0.12.2"
extras = ["memcached"]
summary = "multi backend asyncio cache"
dependencies = [
    "aiocache==0.12.2",
    "aiomcache>=0.5.2",
]
files = [
    {file = "aiocache-0.12.2-py2.py3-none-any.whl", hash = "sha256:9b6fa30634ab0bfc3ecc44928a91ff07c6ea16d27d55469636b296ebc6eb5918"},
    {file = "aiocache-0.12.2.tar.gz", hash = "sha256:b41c9a145b050a5dcbae1599f847db6dd445193b1f3bd172d8e0fe0cb9e96684"},
]

[[package]]
name = "aiocache"
version = "0.12.2"
extras = ["redis"]
summary = "multi backend asyncio cache"
dependencies = [
    "aiocache==0.12.2",
    "redis>=4.2.0",
]
files = [
    {file = "aiocache-0.12.2-py2.py3-none-any.whl", hash = "sha256:9b6fa30634ab0bfc3ecc44928a91ff07c6ea16d27d55469636b296ebc6eb5918"},
    {file = "aiocache-0.12.2.tar.gz", hash = "sha256:b41c9a145b050a5dcbae1599f847db6dd445193b1f3bd172d8e0fe0cb9e96684"},
]

[[package]]
name = "aiomcache"
version = "0.8.2"
requires_python = ">=3.8"
summary = "Minimal pure python memcached client"
files = [
    {file = "aiomcache-0.8.2-py3-none-any.whl", hash = "sha256:9d78d6b6e74e775df18b350b1cddfa96bd2f0a44d49ad27fa87759a3469cef5e"},
    {file = "aiomcache-0.8.2.tar.gz", hash = "sha256:43b220d7f499a32a71871c4f457116eb23460fa216e69c1d32b81e3209e51359"},
]

[[package]]
name = "attrs"
version = "23.2.0"
requires_python = ">=3.7"
summary = "Classes Without Boilerplate"
files = [
    {file = "attrs-23.2.0-py3-none-any.whl", hash = "sha256:99b87a485a5820b23b879f04c2305b44b951b502fd64be915879d77a7e8fc6f1"},
    {file = "attrs-23.2.0.tar.gz", hash = "sha256:935dc3b529c262f6cf76e50877d35a4bd3c1de194fd41f47a2b7ae8f19971f30"},
]

[[package]]
name = "mypy"
version = "1.10.0"
requires_python = ">=3.8"
summary = "Optional static typing for Python"
dependencies = [
    "mypy-extensions>=1.0.0",
    "typing-extensions>=4.1.0",
]
files = [
    {file = "mypy-1.10.0-cp312-cp312-macosx_10_9_x86_64.whl", hash = "sha256:a781f6ad4bab20eef8b65174a57e5203f4be627b46291f4589879bf4e257b97b"},
    {file = "mypy-1.10.0-cp312-cp312-macosx_11_0_arm64.whl", hash = "sha256:b808e12113505b97d9023b0b5e0c0705a90571c6feefc6f215c1df9381256e30"},
    {file = "mypy-1.10.0-cp312-cp312-manylinux_2_17_x86_64.manylinux2014_x86_64.whl", hash = "sha256:8f55583b12156c399dce2df7d16f8a5095291354f1e839c252ec6c0611e86e2e"},
    {file = "mypy-1.10.0-cp312-cp312-musllinux_1_1_x86_64.whl", hash = "sha256:4cf18f9d0efa1b16478c4c129eabec36148032575391095f73cae2e722fcf9d5"},
    {file = "mypy-1.10.0-cp312-cp312-win_amd64.whl", hash = "sha256:bc6ac273b23c6b82da3bb25f4136c4fd42665f17f2cd850771cb600bdd2ebeda"},
    {file = "mypy-1.10.0-py3-none-any.whl", hash = "sha256:f8c083976eb530019175aabadb60921e73b4f45736760826aa1689dda8208aee"},
    {file = "mypy-1.10.0.tar.gz", hash = "sha256:3d087fcbec056c4ee34974da493a826ce316947485cef3901f511848e687c131"},
]

[[package]]
name = "mypy-extensions"
version = "1.0.0"
requires_python = ">=3.5"
summary = "Type system extensions for programs checked with the mypy type checker."
files = [
    {file = "mypy_extensions-1.0.0-py3-none-any.whl", hash = "sha256:4392f6c0eb8a5668a69e23d168ffa70f0be9ccfd32b5cc2d26a34ae5b844552d"},
    {file = "mypy_extensions-1.0.0.tar.gz", hash = "sha256:75dbf8955dc00442a438fc4d0666508a9a97b6bd41aa2f0ffe9d2f2725af0782"},
]

[[package]]
name = "ormsgpack"
version = "1.5.0"
requires_python = ">=3.8"
summary = "Fast, correct Python msgpack library supporting dataclasses, datetimes, and numpy"
files = [
    {file = "ormsgpack-1.5.0-cp312-cp312-macosx_10_12_x86_64.macosx_11_0_arm64.macosx_10_12_universal2.whl", hash = "sha256:a921b0d54b5fb5ba1ea4e87c65caa8992736224f1fc5ce8f46a882e918c8e22d"},
    {file = "ormsgpack-1.5.0-cp312-cp312-manylinux_2_17_aarch64.manylinux2014_aarch64.whl", hash = "sha256:c6d423668e2c3abdbc474562b1c73360ff7326f06cb9532dcb73254b5b63dae4"},
    {file = "ormsgpack-1.5.0-cp312-cp312-manylinux_2_17_armv7l.manylinux2014_armv7l.whl", hash = "sha256:eeb2dd4ed3e503a8266dcbfbb8d810a36baa34e4bb4229e90e9c213058a06d74"},
    {file = "ormsgpack-1.5.0-cp312-cp312-manylinux_2_17_x86_64.manylinux2014_x86_64.whl", hash = "sha256:6f13bd643df1324e8797caba4c5c0168a87524df8424e8413ba29723e89a586a"},
    {file = "ormsgpack-1.5.0-cp312-none-win_amd64.whl", hash = "sha256:e016da381a126478c4bafab0ae19d3a2537f6471341ecced4bb61471e8841cad"},
    {file = "ormsgpack-1.5.0.tar.gz", hash = "sha256:00c0743ebaa8d21f1c868fbb609c99151ea79e67fec98b51a29077efd91ce348"},
]

[[package]]
name = "pyobjc-core"
version = "10.2"
requires_python = ">=3.8"
summary = "Python<->ObjC Interoperability Module"
files = [
    {file = "pyobjc-core-10.2.tar.gz", hash = "sha256:0153206e15d0e0d7abd53ee8a7fbaf5606602a032e177a028fc8589516a8771c"},
    {file = "pyobjc_core-10.2-cp312-cp312-macosx_10_9_universal2.whl", hash = "sha256:a70546246177c23acb323c9324330e37638f1a0a3d13664abcba3bb75e43012c"},
]

[[package]]
name = "pyobjc-framework-avfoundation"
version = "10.2"
requires_python = ">=3.8"
summary = "Wrappers for the framework AVFoundation on macOS"
dependencies = [
    "pyobjc-core>=10.2",
    "pyobjc-framework-Cocoa>=10.2",
    "pyobjc-framework-CoreAudio>=10.2",
    "pyobjc-framework-CoreMedia>=10.2",
    "pyobjc-framework-Quartz>=10.2",
]
files = [
    {file = "pyobjc-framework-AVFoundation-10.2.tar.gz", hash = "sha256:4d394014f2477c0c6a596dbb01ef5d92944058d0e0d954ce6121a676ae9395ce"},
    {file = "pyobjc_framework_AVFoundation-10.2-cp36-abi3-macosx_10_9_universal2.whl", hash = "sha256:5f20c11a8870d7d58f0e4f20f918e45e922520aa5c9dbee61dc59ca4bc4bd26d"},
    {file = "pyobjc_framework_AVFoundation-10.2-cp36-abi3-macosx_10_9_x86_64.whl", hash = "sha256:283355d1f96c184e5f5f479870eb3bf510747307697616737bbc5d224af3abcb"},
    {file = "pyobjc_framework_AVFoundation-10.2-cp36-abi3-macosx_11_0_universal2.whl", hash = "sha256:a63a4e26c088023b0b1cb29d7da2c2246aa8eca2b56767fe1cc36a18c6fb650b"},
]

[[package]]
name = "pyobjc-framework-cocoa"
version = "10.2"
requires_python = ">=3.8"
summary = "Wrappers for the Cocoa frameworks on macOS"
dependencies = [
    "pyobjc-core>=10.2",
]
files = [
    {file = "pyobjc-framework-Cocoa-10.2.tar.gz", hash = "sha256:6383141379636b13855dca1b39c032752862b829f93a49d7ddb35046abfdc035"},
    {file = "pyobjc_framework_Cocoa-10.2-cp312-cp312-macosx_10_9_universal2.whl", hash = "sha256:18886d5013cd7dc7ecd6e0df5134c767569b5247fc10a5e293c72ee3937b217b"},
]

[[package]]
name = "pyobjc-framework-coreaudio"
version = "10.2"
requires_python = ">=3.8"
summary = "Wrappers for the framework CoreAudio on macOS"
dependencies = [
    "pyobjc-core>=10.2",
    "pyobjc-framework-Cocoa>=10.2",
]
files = [
    {file = "pyobjc-framework-CoreAudio-10.2.tar.gz", hash = "sha256:5e97ae7a65be85aee83aef004b31146c5fbf28325d870362959f7312b303fb67"},
    {file = "pyobjc_framework_CoreAudio-10.2-cp312-cp312-macosx_10_9_universal2.whl", hash = "sha256:32608ce881b5e6a7cb332c2732762fa93829ac495c5344c33e8e8b72a2431b23"},
]

[[package]]
name = "pyobjc-framework-coremedia"
version = "10.2"
requires_python = ">=3.8"
summary = "Wrappers for the framework CoreMedia on macOS"
dependencies = [
    "pyobjc-core>=10.2",
    "pyobjc-framework-Cocoa>=10.2",
]
files = [
    {file = "pyobjc-framework-CoreMedia-10.2.tar.gz", hash = "sha256:d726d86636217eaa135e5626d05c7eb0f9b4529ce1ed504e08069fe1e0421483"},
    {file = "pyobjc_framework_CoreMedia-10.2-cp312-cp312-macosx_10_9_universal2.whl", hash = "sha256:7fa13166a14d384bb6442e5f635310dd075c2a4b3b3bd67ac63b1e2e1fd2d65e"},
]

[[package]]
name = "pyobjc-framework-mediaplayer"
version = "10.2"
requires_python = ">=3.8"
summary = "Wrappers for the framework MediaPlayer on macOS"
dependencies = [
    "pyobjc-core>=10.2",
    "pyobjc-framework-AVFoundation>=10.2",
]
files = [
    {file = "pyobjc-framework-MediaPlayer-10.2.tar.gz", hash = "sha256:4b6d296b084e01fb6e5c782b7b6308077db09f4051f50b0a6c3298ffbd1f1d70"},
    {file = "pyobjc_framework_MediaPlayer-10.2-py2.py3-none-any.whl", hash = "sha256:c501ea19380bfbf6b04fbe909fcfe9a78c5ff2a9b58dae87be259066b1ae3521"},
]

[[package]]
name = "pyobjc-framework-quartz"
version = "10.2"
requires_python = ">=3.8"
summary = "Wrappers for the Quartz frameworks on macOS"
dependencies = [
    "pyobjc-core>=10.2",
    "pyobjc-framework-Cocoa>=10.2",
]
files = [
    {file = "pyobjc-framework-Quartz-10.2.tar.gz", hash = "sha256:9b947e081f5bd6cd01c99ab5d62c36500d2d6e8d3b87421c1cbb7f9c885555eb"},
    {file = "pyobjc_framework_Quartz-10.2-cp312-cp312-macosx_10_9_universal2.whl", hash = "sha256:3e8e33246d966c2bd7f5ee2cf3b431582fa434a6ec2b6dbe580045ebf1f55be5"},
]

[[package]]
name = "python-mpd2"
version = "3.1.1"
requires_python = ">=3.6"
summary = "A Python MPD client library"
files = [
    {file = "python-mpd2-3.1.1.tar.gz", hash = "sha256:4baec3584cc43ed9948d5559079fafc2679b06b2ade273e909b3582654b2b3f5"},
    {file = "python_mpd2-3.1.1-py2.py3-none-any.whl", hash = "sha256:86bf1100a0b135959d74a9a7a58cf0515bf30bb54eb25ae6fb8e175e50300fc3"},
]

[[package]]
name = "redis"
version = "5.0.4"
requires_python = ">=3.7"
summary = "Python client for Redis database and key-value store"
files = [
    {file = "redis-5.0.4-py3-none-any.whl", hash = "sha256:7adc2835c7a9b5033b7ad8f8918d09b7344188228809c98df07af226d39dec91"},
    {file = "redis-5.0.4.tar.gz", hash = "sha256:ec31f2ed9675cc54c21ba854cfe0462e6faf1d83c8ce5944709db8a4700b9c61"},
]

[[package]]
name = "ruff"
version = "0.4.4"
requires_python = ">=3.7"
summary = "An extremely fast Python linter and code formatter, written in Rust."
files = [
    {file = "ruff-0.4.4-py3-none-macosx_10_12_x86_64.whl", hash = "sha256:29d44ef5bb6a08e235c8249294fa8d431adc1426bfda99ed493119e6f9ea1bf6"},
    {file = "ruff-0.4.4-py3-none-macosx_11_0_arm64.whl", hash = "sha256:c4efe62b5bbb24178c950732ddd40712b878a9b96b1d02b0ff0b08a090cbd891"},
    {file = "ruff-0.4.4-py3-none-manylinux_2_17_aarch64.manylinux2014_aarch64.whl", hash = "sha256:4c8e2f1e8fc12d07ab521a9005d68a969e167b589cbcaee354cb61e9d9de9c15"},
    {file = "ruff-0.4.4-py3-none-manylinux_2_17_armv7l.manylinux2014_armv7l.whl", hash = "sha256:60ed88b636a463214905c002fa3eaab19795679ed55529f91e488db3fe8976ab"},
    {file = "ruff-0.4.4-py3-none-manylinux_2_17_i686.manylinux2014_i686.whl", hash = "sha256:b90fc5e170fc71c712cc4d9ab0e24ea505c6a9e4ebf346787a67e691dfb72e85"},
    {file = "ruff-0.4.4-py3-none-manylinux_2_17_ppc64.manylinux2014_ppc64.whl", hash = "sha256:8e7e6ebc10ef16dcdc77fd5557ee60647512b400e4a60bdc4849468f076f6eef"},
    {file = "ruff-0.4.4-py3-none-manylinux_2_17_ppc64le.manylinux2014_ppc64le.whl", hash = "sha256:b9ddb2c494fb79fc208cd15ffe08f32b7682519e067413dbaf5f4b01a6087bcd"},
    {file = "ruff-0.4.4-py3-none-manylinux_2_17_s390x.manylinux2014_s390x.whl", hash = "sha256:c51c928a14f9f0a871082603e25a1588059b7e08a920f2f9fa7157b5bf08cfe9"},
    {file = "ruff-0.4.4-py3-none-manylinux_2_17_x86_64.manylinux2014_x86_64.whl", hash = "sha256:b5eb0a4bfd6400b7d07c09a7725e1a98c3b838be557fee229ac0f84d9aa49c36"},
    {file = "ruff-0.4.4-py3-none-musllinux_1_2_aarch64.whl", hash = "sha256:b1867ee9bf3acc21778dcb293db504692eda5f7a11a6e6cc40890182a9f9e595"},
    {file = "ruff-0.4.4-py3-none-musllinux_1_2_armv7l.whl", hash = "sha256:1aecced1269481ef2894cc495647392a34b0bf3e28ff53ed95a385b13aa45768"},
    {file = "ruff-0.4.4-py3-none-musllinux_1_2_i686.whl", hash = "sha256:9da73eb616b3241a307b837f32756dc20a0b07e2bcb694fec73699c93d04a69e"},
    {file = "ruff-0.4.4-py3-none-musllinux_1_2_x86_64.whl", hash = "sha256:958b4ea5589706a81065e2a776237de2ecc3e763342e5cc8e02a4a4d8a5e6f95"},
    {file = "ruff-0.4.4-py3-none-win32.whl", hash = "sha256:cb53473849f011bca6e754f2cdf47cafc9c4f4ff4570003a0dad0b9b6890e876"},
    {file = "ruff-0.4.4-py3-none-win_amd64.whl", hash = "sha256:424e5b72597482543b684c11def82669cc6b395aa8cc69acc1858b5ef3e5daae"},
    {file = "ruff-0.4.4-py3-none-win_arm64.whl", hash = "sha256:39df0537b47d3b597293edbb95baf54ff5b49589eb7ff41926d8243caa995ea6"},
    {file = "ruff-0.4.4.tar.gz", hash = "sha256:f87ea42d5cdebdc6a69761a9d0bc83ae9b3b30d0ad78952005ba6568d6c022af"},
]

[[package]]
name = "typing-extensions"
version = "4.11.0"
requires_python = ">=3.8"
summary = "Backported and Experimental Type Hints for Python 3.8+"
files = [
    {file = "typing_extensions-4.11.0-py3-none-any.whl", hash = "sha256:c1f94d72897edaf4ce775bb7558d5b79d8126906a14ea5ed1635921406c0387a"},
    {file = "typing_extensions-4.11.0.tar.gz", hash = "sha256:83f085bd5ca59c80295fc2a82ab5dac679cbe02b9f33f7d83af68e241bea51b0"},
]
