# This file is @generated by PDM.
# It is not intended for manual editing.

[metadata]
groups = ["default", "all", "dev"]
strategy = ["cross_platform"]
lock_version = "4.4.1"
content_hash = "sha256:17fdf74bf4b2980c66c106cebcb936921e671e8adaeb2f2e95d95f255704aa38"

[[package]]
name = "aiocache"
version = "0.12.2"
summary = "multi backend asyncio cache"
files = [
    {file = "aiocache-0.12.2-py2.py3-none-any.whl", hash = "sha256:9b6fa30634ab0bfc3ecc44928a91ff07c6ea16d27d55469636b296ebc6eb5918"},
    {file = "aiocache-0.12.2.tar.gz", hash = "sha256:b41c9a145b050a5dcbae1599f847db6dd445193b1f3bd172d8e0fe0cb9e96684"},
]

[[package]]
name = "aiocache"
version = "0.12.2"
extras = ["memcached"]
summary = "multi backend asyncio cache"
dependencies = [
    "aiocache==0.12.2",
    "aiomcache>=0.5.2",
]
files = [
    {file = "aiocache-0.12.2-py2.py3-none-any.whl", hash = "sha256:9b6fa30634ab0bfc3ecc44928a91ff07c6ea16d27d55469636b296ebc6eb5918"},
    {file = "aiocache-0.12.2.tar.gz", hash = "sha256:b41c9a145b050a5dcbae1599f847db6dd445193b1f3bd172d8e0fe0cb9e96684"},
]

[[package]]
name = "aiocache"
version = "0.12.2"
extras = ["redis"]
summary = "multi backend asyncio cache"
dependencies = [
    "aiocache==0.12.2",
    "redis>=4.2.0",
]
files = [
    {file = "aiocache-0.12.2-py2.py3-none-any.whl", hash = "sha256:9b6fa30634ab0bfc3ecc44928a91ff07c6ea16d27d55469636b296ebc6eb5918"},
    {file = "aiocache-0.12.2.tar.gz", hash = "sha256:b41c9a145b050a5dcbae1599f847db6dd445193b1f3bd172d8e0fe0cb9e96684"},
]

[[package]]
name = "aiomcache"
version = "0.8.2"
requires_python = ">=3.8"
summary = "Minimal pure python memcached client"
files = [
    {file = "aiomcache-0.8.2-py3-none-any.whl", hash = "sha256:9d78d6b6e74e775df18b350b1cddfa96bd2f0a44d49ad27fa87759a3469cef5e"},
    {file = "aiomcache-0.8.2.tar.gz", hash = "sha256:43b220d7f499a32a71871c4f457116eb23460fa216e69c1d32b81e3209e51359"},
]

[[package]]
name = "apischema"
version = "0.18.1"
requires_python = ">=3.7"
summary = "JSON (de)serialization, GraphQL and JSON schema generation using Python typing."
files = [
    {file = "apischema-0.18.1-cp312-cp312-macosx_10_9_x86_64.whl", hash = "sha256:220aa56974f765dc100e875c66c688ff57bad3ae48d0aeaee4fb1ec90c5cd0fd"},
    {file = "apischema-0.18.1-cp312-cp312-manylinux_2_17_x86_64.manylinux2014_x86_64.whl", hash = "sha256:653492010d22acdcbe2240f0ceb3ca59de1b6d34640895e03fda15f944e216d8"},
    {file = "apischema-0.18.1-cp312-cp312-manylinux_2_5_i686.manylinux1_i686.manylinux_2_17_i686.manylinux2014_i686.whl", hash = "sha256:56a8acc8da59cf7a1052b5aec71d2f8ed6137b54aa1492709acb2c47f0547107"},
    {file = "apischema-0.18.1-cp312-cp312-musllinux_1_1_i686.whl", hash = "sha256:d466ccc31cbc95b381037ed5b9e82e034f921eb28f8057263aefc2817678036f"},
    {file = "apischema-0.18.1-cp312-cp312-musllinux_1_1_x86_64.whl", hash = "sha256:4b005d5a4baba32eccec5bb0fbd616f9fd26b6a5fb4f15e9a8bb53a948adade0"},
    {file = "apischema-0.18.1-cp312-cp312-win32.whl", hash = "sha256:bd06fc6a52d461bd6540409cb25c1d51aae23b22fcd10b1fb002a3f7f1f15d0f"},
    {file = "apischema-0.18.1-cp312-cp312-win_amd64.whl", hash = "sha256:429f13d9e35379bf8187c41a3c05562f8149358128382a90e415c63db528d6a2"},
    {file = "apischema-0.18.1.tar.gz", hash = "sha256:355dc4dea7389f5b25f5326c26f06eebee8107efda7e82db8f09ee122cdf0c98"},
]

[[package]]
name = "attrs"
version = "23.2.0"
requires_python = ">=3.7"
summary = "Classes Without Boilerplate"
files = [
    {file = "attrs-23.2.0-py3-none-any.whl", hash = "sha256:99b87a485a5820b23b879f04c2305b44b951b502fd64be915879d77a7e8fc6f1"},
    {file = "attrs-23.2.0.tar.gz", hash = "sha256:935dc3b529c262f6cf76e50877d35a4bd3c1de194fd41f47a2b7ae8f19971f30"},
]

[[package]]
name = "class-doc"
version = "0.2.6"
requires_python = ">=3.6,<4.0"
summary = "Extract attributes docstrings defined in various ways"
dependencies = [
    "more-itertools>=5.0.0",
]
files = [
    {file = "class-doc-0.2.6.tar.gz", hash = "sha256:f5e036ed9b7f6de528affdd9f038851910b342d4c1c1252983a55ff080b530e0"},
    {file = "class_doc-0.2.6-py3-none-any.whl", hash = "sha256:e6f2cea2dfbe93f76dee25de13d70dc0d2269698e8b849f751d98dc894c52ea5"},
]

[[package]]
name = "idna"
version = "3.7"
requires_python = ">=3.5"
summary = "Internationalized Domain Names in Applications (IDNA)"
files = [
    {file = "idna-3.7-py3-none-any.whl", hash = "sha256:82fee1fc78add43492d3a1898bfa6d8a904cc97d8427f683ed8e798d07761aa0"},
    {file = "idna-3.7.tar.gz", hash = "sha256:028ff3aadf0609c1fd278d8ea3089299412a7a8b9bd005dd08b9f8285bcb5cfc"},
]

[[package]]
name = "more-itertools"
version = "10.3.0"
requires_python = ">=3.8"
summary = "More routines for operating on iterables, beyond itertools"
files = [
    {file = "more-itertools-10.3.0.tar.gz", hash = "sha256:e5d93ef411224fbcef366a6e8ddc4c5781bc6359d43412a65dd5964e46111463"},
    {file = "more_itertools-10.3.0-py3-none-any.whl", hash = "sha256:ea6a02e24a9161e51faad17a8782b92a0df82c12c1c8886fec7f0c3fa1a1b320"},
]

[[package]]
name = "multidict"
version = "6.0.5"
requires_python = ">=3.7"
summary = "multidict implementation"
files = [
    {file = "multidict-6.0.5-cp312-cp312-macosx_10_9_universal2.whl", hash = "sha256:51d035609b86722963404f711db441cf7134f1889107fb171a970c9701f92e1e"},
    {file = "multidict-6.0.5-cp312-cp312-macosx_10_9_x86_64.whl", hash = "sha256:cbebcd5bcaf1eaf302617c114aa67569dd3f090dd0ce8ba9e35e9985b41ac35b"},
    {file = "multidict-6.0.5-cp312-cp312-macosx_11_0_arm64.whl", hash = "sha256:2ffc42c922dbfddb4a4c3b438eb056828719f07608af27d163191cb3e3aa6cc5"},
    {file = "multidict-6.0.5-cp312-cp312-manylinux_2_17_aarch64.manylinux2014_aarch64.whl", hash = "sha256:ceb3b7e6a0135e092de86110c5a74e46bda4bd4fbfeeb3a3bcec79c0f861e450"},
    {file = "multidict-6.0.5-cp312-cp312-manylinux_2_17_ppc64le.manylinux2014_ppc64le.whl", hash = "sha256:79660376075cfd4b2c80f295528aa6beb2058fd289f4c9252f986751a4cd0496"},
    {file = "multidict-6.0.5-cp312-cp312-manylinux_2_17_s390x.manylinux2014_s390x.whl", hash = "sha256:e4428b29611e989719874670fd152b6625500ad6c686d464e99f5aaeeaca175a"},
    {file = "multidict-6.0.5-cp312-cp312-manylinux_2_17_x86_64.manylinux2014_x86_64.whl", hash = "sha256:d84a5c3a5f7ce6db1f999fb9438f686bc2e09d38143f2d93d8406ed2dd6b9226"},
    {file = "multidict-6.0.5-cp312-cp312-manylinux_2_5_i686.manylinux1_i686.manylinux_2_17_i686.manylinux2014_i686.whl", hash = "sha256:76c0de87358b192de7ea9649beb392f107dcad9ad27276324c24c91774ca5271"},
    {file = "multidict-6.0.5-cp312-cp312-musllinux_1_1_aarch64.whl", hash = "sha256:79a6d2ba910adb2cbafc95dad936f8b9386e77c84c35bc0add315b856d7c3abb"},
    {file = "multidict-6.0.5-cp312-cp312-musllinux_1_1_i686.whl", hash = "sha256:92d16a3e275e38293623ebf639c471d3e03bb20b8ebb845237e0d3664914caef"},
    {file = "multidict-6.0.5-cp312-cp312-musllinux_1_1_ppc64le.whl", hash = "sha256:fb616be3538599e797a2017cccca78e354c767165e8858ab5116813146041a24"},
    {file = "multidict-6.0.5-cp312-cp312-musllinux_1_1_s390x.whl", hash = "sha256:14c2976aa9038c2629efa2c148022ed5eb4cb939e15ec7aace7ca932f48f9ba6"},
    {file = "multidict-6.0.5-cp312-cp312-musllinux_1_1_x86_64.whl", hash = "sha256:435a0984199d81ca178b9ae2c26ec3d49692d20ee29bc4c11a2a8d4514c67eda"},
    {file = "multidict-6.0.5-cp312-cp312-win32.whl", hash = "sha256:9fe7b0653ba3d9d65cbe7698cca585bf0f8c83dbbcc710db9c90f478e175f2d5"},
    {file = "multidict-6.0.5-cp312-cp312-win_amd64.whl", hash = "sha256:01265f5e40f5a17f8241d52656ed27192be03bfa8764d88e8220141d1e4b3556"},
    {file = "multidict-6.0.5-py3-none-any.whl", hash = "sha256:0d63c74e3d7ab26de115c49bffc92cc77ed23395303d496eae515d4204a625e7"},
    {file = "multidict-6.0.5.tar.gz", hash = "sha256:f7e301075edaf50500f0b341543c41194d8df3ae5caf4702f2095f3ca73dd8da"},
]

[[package]]
name = "mypy"
version = "1.10.0"
requires_python = ">=3.8"
summary = "Optional static typing for Python"
dependencies = [
    "mypy-extensions>=1.0.0",
    "typing-extensions>=4.1.0",
]
files = [
    {file = "mypy-1.10.0-cp312-cp312-macosx_10_9_x86_64.whl", hash = "sha256:a781f6ad4bab20eef8b65174a57e5203f4be627b46291f4589879bf4e257b97b"},
    {file = "mypy-1.10.0-cp312-cp312-macosx_11_0_arm64.whl", hash = "sha256:b808e12113505b97d9023b0b5e0c0705a90571c6feefc6f215c1df9381256e30"},
    {file = "mypy-1.10.0-cp312-cp312-manylinux_2_17_x86_64.manylinux2014_x86_64.whl", hash = "sha256:8f55583b12156c399dce2df7d16f8a5095291354f1e839c252ec6c0611e86e2e"},
    {file = "mypy-1.10.0-cp312-cp312-musllinux_1_1_x86_64.whl", hash = "sha256:4cf18f9d0efa1b16478c4c129eabec36148032575391095f73cae2e722fcf9d5"},
    {file = "mypy-1.10.0-cp312-cp312-win_amd64.whl", hash = "sha256:bc6ac273b23c6b82da3bb25f4136c4fd42665f17f2cd850771cb600bdd2ebeda"},
    {file = "mypy-1.10.0-py3-none-any.whl", hash = "sha256:f8c083976eb530019175aabadb60921e73b4f45736760826aa1689dda8208aee"},
    {file = "mypy-1.10.0.tar.gz", hash = "sha256:3d087fcbec056c4ee34974da493a826ce316947485cef3901f511848e687c131"},
]

[[package]]
name = "mypy-extensions"
version = "1.0.0"
requires_python = ">=3.5"
summary = "Type system extensions for programs checked with the mypy type checker."
files = [
    {file = "mypy_extensions-1.0.0-py3-none-any.whl", hash = "sha256:4392f6c0eb8a5668a69e23d168ffa70f0be9ccfd32b5cc2d26a34ae5b844552d"},
    {file = "mypy_extensions-1.0.0.tar.gz", hash = "sha256:75dbf8955dc00442a438fc4d0666508a9a97b6bd41aa2f0ffe9d2f2725af0782"},
]

[[package]]
name = "ormsgpack"
version = "1.5.0"
requires_python = ">=3.8"
summary = "Fast, correct Python msgpack library supporting dataclasses, datetimes, and numpy"
files = [
    {file = "ormsgpack-1.5.0-cp312-cp312-macosx_10_12_x86_64.macosx_11_0_arm64.macosx_10_12_universal2.whl", hash = "sha256:a921b0d54b5fb5ba1ea4e87c65caa8992736224f1fc5ce8f46a882e918c8e22d"},
    {file = "ormsgpack-1.5.0-cp312-cp312-manylinux_2_17_aarch64.manylinux2014_aarch64.whl", hash = "sha256:c6d423668e2c3abdbc474562b1c73360ff7326f06cb9532dcb73254b5b63dae4"},
    {file = "ormsgpack-1.5.0-cp312-cp312-manylinux_2_17_armv7l.manylinux2014_armv7l.whl", hash = "sha256:eeb2dd4ed3e503a8266dcbfbb8d810a36baa34e4bb4229e90e9c213058a06d74"},
    {file = "ormsgpack-1.5.0-cp312-cp312-manylinux_2_17_x86_64.manylinux2014_x86_64.whl", hash = "sha256:6f13bd643df1324e8797caba4c5c0168a87524df8424e8413ba29723e89a586a"},
    {file = "ormsgpack-1.5.0-cp312-none-win_amd64.whl", hash = "sha256:e016da381a126478c4bafab0ae19d3a2537f6471341ecced4bb61471e8841cad"},
    {file = "ormsgpack-1.5.0.tar.gz", hash = "sha256:00c0743ebaa8d21f1c868fbb609c99151ea79e67fec98b51a29077efd91ce348"},
]

[[package]]
name = "pyobjc-core"
version = "10.3.1"
requires_python = ">=3.8"
summary = "Python<->ObjC Interoperability Module"
files = [
    {file = "pyobjc_core-10.3.1-cp312-cp312-macosx_10_9_universal2.whl", hash = "sha256:6ff5823d13d0a534cdc17fa4ad47cf5bee4846ce0fd27fc40012e12b46db571b"},
    {file = "pyobjc_core-10.3.1-cp313-cp313-macosx_10_13_universal2.whl", hash = "sha256:2581e8e68885bcb0e11ec619e81ef28e08ee3fac4de20d8cc83bc5af5bcf4a90"},
    {file = "pyobjc_core-10.3.1.tar.gz", hash = "sha256:b204a80ccc070f9ab3f8af423a3a25a6fd787e228508d00c4c30f8ac538ba720"},
]

[[package]]
name = "pyobjc-framework-avfoundation"
version = "10.3.1"
requires_python = ">=3.8"
summary = "Wrappers for the framework AVFoundation on macOS"
dependencies = [
    "pyobjc-core>=10.3.1",
    "pyobjc-framework-Cocoa>=10.3.1",
    "pyobjc-framework-CoreAudio>=10.3.1",
    "pyobjc-framework-CoreMedia>=10.3.1",
    "pyobjc-framework-Quartz>=10.3.1",
]
files = [
    {file = "pyobjc_framework_AVFoundation-10.3.1-cp36-abi3-macosx_10_13_universal2.whl", hash = "sha256:0896f6650df35f0229d1fb3aa3fbf632647dd815d4921cb61d9eb7fa26be6237"},
    {file = "pyobjc_framework_AVFoundation-10.3.1-cp36-abi3-macosx_10_9_universal2.whl", hash = "sha256:0cb27cc95288d95df7504adf474596f8855de7fa7798bbc1bbfbdfbbcb940952"},
    {file = "pyobjc_framework_AVFoundation-10.3.1-cp36-abi3-macosx_10_9_x86_64.whl", hash = "sha256:ccb606ef0806d952a04db45ae691167678121df1d8d7c2f8cc73745695097033"},
    {file = "pyobjc_framework_AVFoundation-10.3.1-cp36-abi3-macosx_11_0_universal2.whl", hash = "sha256:00889eb915479aa9ea392cdd241e4b635ae0fa3114f043d08cf3e1d1b5a23bd4"},
    {file = "pyobjc_framework_avfoundation-10.3.1.tar.gz", hash = "sha256:2f94bee3a4217b46d9416cad066e4f357bf0f344079c328736114451ae19ae94"},
]

[[package]]
name = "pyobjc-framework-cocoa"
version = "10.3.1"
requires_python = ">=3.8"
summary = "Wrappers for the Cocoa frameworks on macOS"
dependencies = [
    "pyobjc-core>=10.3.1",
]
files = [
    {file = "pyobjc_framework_Cocoa-10.3.1-cp312-cp312-macosx_10_9_universal2.whl", hash = "sha256:11b4e0bad4bbb44a4edda128612f03cdeab38644bbf174de0c13129715497296"},
    {file = "pyobjc_framework_Cocoa-10.3.1-cp313-cp313-macosx_10_13_universal2.whl", hash = "sha256:de5e62e5ccf2871a94acf3bf79646b20ea893cc9db78afa8d1fe1b0d0f7cbdb0"},
    {file = "pyobjc_framework_cocoa-10.3.1.tar.gz", hash = "sha256:1cf20714daaa986b488fb62d69713049f635c9d41a60c8da97d835710445281a"},
]

[[package]]
name = "pyobjc-framework-coreaudio"
version = "10.3.1"
requires_python = ">=3.8"
summary = "Wrappers for the framework CoreAudio on macOS"
dependencies = [
    "pyobjc-core>=10.3.1",
    "pyobjc-framework-Cocoa>=10.3.1",
]
files = [
    {file = "pyobjc_framework_CoreAudio-10.3.1-cp312-cp312-macosx_10_9_universal2.whl", hash = "sha256:e0aeca61a425d846afc92350ffba970e1e503469182f5f0ea436de98cfd00d96"},
    {file = "pyobjc_framework_CoreAudio-10.3.1-cp313-cp313-macosx_10_13_universal2.whl", hash = "sha256:21cecd1b023b6960d1071c106345656de45a399196701b07c7e5c076321f25ad"},
    {file = "pyobjc_framework_coreaudio-10.3.1.tar.gz", hash = "sha256:c81c709bf955aea474a4de380b187f3c2e56c864ca7de520b08362b73070c795"},
]

[[package]]
name = "pyobjc-framework-coremedia"
version = "10.3.1"
requires_python = ">=3.8"
summary = "Wrappers for the framework CoreMedia on macOS"
dependencies = [
    "pyobjc-core>=10.3.1",
    "pyobjc-framework-Cocoa>=10.3.1",
]
files = [
    {file = "pyobjc_framework_CoreMedia-10.3.1-cp312-cp312-macosx_10_9_universal2.whl", hash = "sha256:c6eaf48f202becab10679e3b5dd62607ddec2739495db45882524592cabf3997"},
    {file = "pyobjc_framework_CoreMedia-10.3.1-cp313-cp313-macosx_10_13_universal2.whl", hash = "sha256:98b8ab02e6ec979007b706e05166e16bd61121e47fbc6e449f4b2de2c58f3cb6"},
    {file = "pyobjc_framework_coremedia-10.3.1.tar.gz", hash = "sha256:bc3e0cddf5f546b5d8407d8f46b203f1bd4396ad5dbfdc0d064a560b3fe31221"},
]

[[package]]
name = "pyobjc-framework-mediaplayer"
version = "10.3.1"
requires_python = ">=3.8"
summary = "Wrappers for the framework MediaPlayer on macOS"
dependencies = [
    "pyobjc-core>=10.3.1",
    "pyobjc-framework-AVFoundation>=10.3.1",
]
files = [
    {file = "pyobjc_framework_MediaPlayer-10.3.1-py2.py3-none-any.whl", hash = "sha256:5b428cc28e57c1778bd431156c3adb948650f7503f266689559d0ece94b34e8a"},
    {file = "pyobjc_framework_mediaplayer-10.3.1.tar.gz", hash = "sha256:97043df5ef89d4fbe217813e8f4ee1e226d8a43dee4eac00fff95e6b8a7772be"},
]

[[package]]
name = "pyobjc-framework-quartz"
version = "10.3.1"
requires_python = ">=3.8"
summary = "Wrappers for the Quartz frameworks on macOS"
dependencies = [
    "pyobjc-core>=10.3.1",
    "pyobjc-framework-Cocoa>=10.3.1",
]
files = [
    {file = "pyobjc_framework_Quartz-10.3.1-cp312-cp312-macosx_10_9_universal2.whl", hash = "sha256:ca35f92486869a41847a1703bb176aab8a53dbfd8e678d1f4d68d8e6e1581c71"},
    {file = "pyobjc_framework_Quartz-10.3.1-cp313-cp313-macosx_10_13_universal2.whl", hash = "sha256:00a0933267e3a46ea4afcc35d117b2efb920f06de797fa66279c52e7057e3590"},
    {file = "pyobjc_framework_quartz-10.3.1.tar.gz", hash = "sha256:b6d7e346d735c9a7f147cd78e6da79eeae416a0b7d3874644c83a23786c6f886"},
]

[[package]]
name = "python-mpd2"
version = "3.1.1"
requires_python = ">=3.6"
summary = "A Python MPD client library"
files = [
    {file = "python-mpd2-3.1.1.tar.gz", hash = "sha256:4baec3584cc43ed9948d5559079fafc2679b06b2ade273e909b3582654b2b3f5"},
    {file = "python_mpd2-3.1.1-py2.py3-none-any.whl", hash = "sha256:86bf1100a0b135959d74a9a7a58cf0515bf30bb54eb25ae6fb8e175e50300fc3"},
]

[[package]]
name = "pytomlpp"
version = "1.0.13"
summary = "A python wrapper for toml++"
files = [
    {file = "pytomlpp-1.0.13-pp37-pypy37_pp73-macosx_10_9_x86_64.whl", hash = "sha256:4710c72456c10a90e58084174312abef8f9652b0f91c240c008903c1bd99814d"},
    {file = "pytomlpp-1.0.13-pp37-pypy37_pp73-manylinux_2_17_i686.manylinux2014_i686.whl", hash = "sha256:b59acc12339a992404289ab7294f28ba06c7df3c2562e81d316a0e744ab4103b"},
    {file = "pytomlpp-1.0.13-pp37-pypy37_pp73-manylinux_2_17_x86_64.manylinux2014_x86_64.whl", hash = "sha256:252e31a5e013a74b898784f4ffb8aa8068e136b910ad11f2af1ee8a5700e6e1e"},
    {file = "pytomlpp-1.0.13-pp37-pypy37_pp73-win_amd64.whl", hash = "sha256:09e716c0f462d15f2334cecc736957777dd30f8a5bfa5cf8150679da7577d2fd"},
    {file = "pytomlpp-1.0.13-pp38-pypy38_pp73-macosx_10_9_x86_64.whl", hash = "sha256:19dbded2995370e802105fa6dce54ed60f79e58b4eb35fee7ef33f1fb5958f6c"},
    {file = "pytomlpp-1.0.13-pp38-pypy38_pp73-manylinux_2_17_i686.manylinux2014_i686.whl", hash = "sha256:9f87f6c958309e4c2358b778902c80bd33611d1c392f1abe2c226e3a62909ca4"},
    {file = "pytomlpp-1.0.13-pp38-pypy38_pp73-manylinux_2_17_x86_64.manylinux2014_x86_64.whl", hash = "sha256:e285aca948b419301fdda1927723287ef28482752782c44c9ee8c57eae7a1dc8"},
    {file = "pytomlpp-1.0.13-pp38-pypy38_pp73-win_amd64.whl", hash = "sha256:aad6ae19c056ea62a43fec82427ad4675b5c773dc255c4bdcf6da659cd7edff6"},
    {file = "pytomlpp-1.0.13-pp39-pypy39_pp73-macosx_10_9_x86_64.whl", hash = "sha256:0e0b34b7a132856567714342e9a622f7be0b4c9bac561a6252f0f85626c1aa4b"},
    {file = "pytomlpp-1.0.13-pp39-pypy39_pp73-manylinux_2_17_i686.manylinux2014_i686.whl", hash = "sha256:ac06ca7683f5a2737b3888ea1e38d6968abb24fab703bc7ceccbe589d5420e0c"},
    {file = "pytomlpp-1.0.13-pp39-pypy39_pp73-manylinux_2_17_x86_64.manylinux2014_x86_64.whl", hash = "sha256:35225c1d9d674df87b4682f04af97856049351c38822455b78258248d9309363"},
    {file = "pytomlpp-1.0.13-pp39-pypy39_pp73-win_amd64.whl", hash = "sha256:dbc9208ac58ea2a9d5ebb77e69d54d146744007f4a704a3f4e56d9881d41ee1c"},
    {file = "pytomlpp-1.0.13.tar.gz", hash = "sha256:a0bd639a8f624d1bdf5b3ea94363ca23dbfef38ab7b5b9348881a84afab434ad"},
]

[[package]]
name = "redis"
version = "5.0.4"
requires_python = ">=3.7"
summary = "Python client for Redis database and key-value store"
files = [
    {file = "redis-5.0.4-py3-none-any.whl", hash = "sha256:7adc2835c7a9b5033b7ad8f8918d09b7344188228809c98df07af226d39dec91"},
    {file = "redis-5.0.4.tar.gz", hash = "sha256:ec31f2ed9675cc54c21ba854cfe0462e6faf1d83c8ce5944709db8a4700b9c61"},
]

[[package]]
name = "ruff"
version = "0.4.10"
requires_python = ">=3.7"
summary = "An extremely fast Python linter and code formatter, written in Rust."
files = [
    {file = "ruff-0.4.10-py3-none-macosx_10_12_x86_64.whl", hash = "sha256:5c2c4d0859305ac5a16310eec40e4e9a9dec5dcdfbe92697acd99624e8638dac"},
    {file = "ruff-0.4.10-py3-none-macosx_11_0_arm64.whl", hash = "sha256:a79489607d1495685cdd911a323a35871abfb7a95d4f98fc6f85e799227ac46e"},
    {file = "ruff-0.4.10-py3-none-manylinux_2_17_aarch64.manylinux2014_aarch64.whl", hash = "sha256:b1dd1681dfa90a41b8376a61af05cc4dc5ff32c8f14f5fe20dba9ff5deb80cd6"},
    {file = "ruff-0.4.10-py3-none-manylinux_2_17_armv7l.manylinux2014_armv7l.whl", hash = "sha256:c75c53bb79d71310dc79fb69eb4902fba804a81f374bc86a9b117a8d077a1784"},
    {file = "ruff-0.4.10-py3-none-manylinux_2_17_i686.manylinux2014_i686.whl", hash = "sha256:18238c80ee3d9100d3535d8eb15a59c4a0753b45cc55f8bf38f38d6a597b9739"},
    {file = "ruff-0.4.10-py3-none-manylinux_2_17_ppc64.manylinux2014_ppc64.whl", hash = "sha256:d8f71885bce242da344989cae08e263de29752f094233f932d4f5cfb4ef36a81"},
    {file = "ruff-0.4.10-py3-none-manylinux_2_17_ppc64le.manylinux2014_ppc64le.whl", hash = "sha256:330421543bd3222cdfec481e8ff3460e8702ed1e58b494cf9d9e4bf90db52b9d"},
    {file = "ruff-0.4.10-py3-none-manylinux_2_17_s390x.manylinux2014_s390x.whl", hash = "sha256:9e9b6fb3a37b772628415b00c4fc892f97954275394ed611056a4b8a2631365e"},
    {file = "ruff-0.4.10-py3-none-manylinux_2_17_x86_64.manylinux2014_x86_64.whl", hash = "sha256:0f54c481b39a762d48f64d97351048e842861c6662d63ec599f67d515cb417f6"},
    {file = "ruff-0.4.10-py3-none-musllinux_1_2_aarch64.whl", hash = "sha256:67fe086b433b965c22de0b4259ddfe6fa541c95bf418499bedb9ad5fb8d1c631"},
    {file = "ruff-0.4.10-py3-none-musllinux_1_2_armv7l.whl", hash = "sha256:acfaaab59543382085f9eb51f8e87bac26bf96b164839955f244d07125a982ef"},
    {file = "ruff-0.4.10-py3-none-musllinux_1_2_i686.whl", hash = "sha256:3cea07079962b2941244191569cf3a05541477286f5cafea638cd3aa94b56815"},
    {file = "ruff-0.4.10-py3-none-musllinux_1_2_x86_64.whl", hash = "sha256:338a64ef0748f8c3a80d7f05785930f7965d71ca260904a9321d13be24b79695"},
    {file = "ruff-0.4.10-py3-none-win32.whl", hash = "sha256:ffe3cd2f89cb54561c62e5fa20e8f182c0a444934bf430515a4b422f1ab7b7ca"},
    {file = "ruff-0.4.10-py3-none-win_amd64.whl", hash = "sha256:67f67cef43c55ffc8cc59e8e0b97e9e60b4837c8f21e8ab5ffd5d66e196e25f7"},
    {file = "ruff-0.4.10-py3-none-win_arm64.whl", hash = "sha256:dd1fcee327c20addac7916ca4e2653fbbf2e8388d8a6477ce5b4e986b68ae6c0"},
    {file = "ruff-0.4.10.tar.gz", hash = "sha256:3aa4f2bc388a30d346c56524f7cacca85945ba124945fe489952aadb6b5cd804"},
]

[[package]]
name = "typing-extensions"
version = "4.11.0"
requires_python = ">=3.8"
summary = "Backported and Experimental Type Hints for Python 3.8+"
files = [
    {file = "typing_extensions-4.11.0-py3-none-any.whl", hash = "sha256:c1f94d72897edaf4ce775bb7558d5b79d8126906a14ea5ed1635921406c0387a"},
    {file = "typing_extensions-4.11.0.tar.gz", hash = "sha256:83f085bd5ca59c80295fc2a82ab5dac679cbe02b9f33f7d83af68e241bea51b0"},
]

[[package]]
name = "xdg-base-dirs"
version = "6.0.1"
requires_python = ">=3.10,<4.0"
summary = "Variables defined by the XDG Base Directory Specification"
files = [
    {file = "xdg_base_dirs-6.0.1-py3-none-any.whl", hash = "sha256:63f6ebc1721ced2e86c340856e004ef829501a30a37e17079c52cfaf0e1741b9"},
    {file = "xdg_base_dirs-6.0.1.tar.gz", hash = "sha256:b4c8f4ba72d1286018b25eea374ec6fbf4fddda3d4137edf50de95de53e195a6"},
]

[[package]]
name = "yarl"
version = "1.9.4"
requires_python = ">=3.7"
summary = "Yet another URL library"
dependencies = [
    "idna>=2.0",
    "multidict>=4.0",
]
files = [
    {file = "yarl-1.9.4-cp312-cp312-macosx_10_9_universal2.whl", hash = "sha256:0d2454f0aef65ea81037759be5ca9947539667eecebca092733b2eb43c965a81"},
    {file = "yarl-1.9.4-cp312-cp312-macosx_10_9_x86_64.whl", hash = "sha256:44d8ffbb9c06e5a7f529f38f53eda23e50d1ed33c6c869e01481d3fafa6b8142"},
    {file = "yarl-1.9.4-cp312-cp312-macosx_11_0_arm64.whl", hash = "sha256:aaaea1e536f98754a6e5c56091baa1b6ce2f2700cc4a00b0d49eca8dea471074"},
    {file = "yarl-1.9.4-cp312-cp312-manylinux_2_17_aarch64.manylinux2014_aarch64.whl", hash = "sha256:3777ce5536d17989c91696db1d459574e9a9bd37660ea7ee4d3344579bb6f129"},
    {file = "yarl-1.9.4-cp312-cp312-manylinux_2_17_ppc64le.manylinux2014_ppc64le.whl", hash = "sha256:9fc5fc1eeb029757349ad26bbc5880557389a03fa6ada41703db5e068881e5f2"},
    {file = "yarl-1.9.4-cp312-cp312-manylinux_2_17_s390x.manylinux2014_s390x.whl", hash = "sha256:ea65804b5dc88dacd4a40279af0cdadcfe74b3e5b4c897aa0d81cf86927fee78"},
    {file = "yarl-1.9.4-cp312-cp312-manylinux_2_17_x86_64.manylinux2014_x86_64.whl", hash = "sha256:aa102d6d280a5455ad6a0f9e6d769989638718e938a6a0a2ff3f4a7ff8c62cc4"},
    {file = "yarl-1.9.4-cp312-cp312-manylinux_2_5_i686.manylinux1_i686.manylinux_2_17_i686.manylinux2014_i686.whl", hash = "sha256:09efe4615ada057ba2d30df871d2f668af661e971dfeedf0c159927d48bbeff0"},
    {file = "yarl-1.9.4-cp312-cp312-musllinux_1_1_aarch64.whl", hash = "sha256:008d3e808d03ef28542372d01057fd09168419cdc8f848efe2804f894ae03e51"},
    {file = "yarl-1.9.4-cp312-cp312-musllinux_1_1_i686.whl", hash = "sha256:6f5cb257bc2ec58f437da2b37a8cd48f666db96d47b8a3115c29f316313654ff"},
    {file = "yarl-1.9.4-cp312-cp312-musllinux_1_1_ppc64le.whl", hash = "sha256:992f18e0ea248ee03b5a6e8b3b4738850ae7dbb172cc41c966462801cbf62cf7"},
    {file = "yarl-1.9.4-cp312-cp312-musllinux_1_1_s390x.whl", hash = "sha256:0e9d124c191d5b881060a9e5060627694c3bdd1fe24c5eecc8d5d7d0eb6faabc"},
    {file = "yarl-1.9.4-cp312-cp312-musllinux_1_1_x86_64.whl", hash = "sha256:3986b6f41ad22988e53d5778f91855dc0399b043fc8946d4f2e68af22ee9ff10"},
    {file = "yarl-1.9.4-cp312-cp312-win32.whl", hash = "sha256:4b21516d181cd77ebd06ce160ef8cc2a5e9ad35fb1c5930882baff5ac865eee7"},
    {file = "yarl-1.9.4-cp312-cp312-win_amd64.whl", hash = "sha256:a9bd00dc3bc395a662900f33f74feb3e757429e545d831eef5bb280252631984"},
    {file = "yarl-1.9.4-py3-none-any.whl", hash = "sha256:928cecb0ef9d5a7946eb6ff58417ad2fe9375762382f1bf5c55e61645f2c43ad"},
    {file = "yarl-1.9.4.tar.gz", hash = "sha256:566db86717cf8080b99b58b083b773a908ae40f06681e87e589a976faf8246bf"},
]
